
Microsoft Visual Studio Solution File, Format Version 12.00
# Visual Studio 14
VisualStudioVersion = 14.0.23107.0
MinimumVisualStudioVersion = 10.0.40219.1
Project("{FAE04EC0-301F-11D3-BF4B-00C04F79EFBC}") = "WorkProject", "App\WorkProject.csproj", "{61D250F0-7FEE-43A4-8EA6-8ED61DB52F05}"
EndProject
Project("{FAE04EC0-301F-11D3-BF4B-00C04F79EFBC}") = "WorkProject.Data", "Data\WorkProject.Data.csproj", "{1E32C07F-A997-4ECA-B35C-391DBEC36211}"
EndProject
Project("{FAE04EC0-301F-11D3-BF4B-00C04F79EFBC}") = "ComponentLib.Controls", "..\..\Components\ComponentLib\ComponentLib.Controls\ComponentLib.Controls.csproj", "{B45ADB28-2EB3-4CFA-B240-82D8F58BEB22}"
EndProject
Project("{2150E333-8FDC-42A3-9474-1A3956D46DE8}") = "Components", "Components", "{6C57E86B-01D4-4078-8B63-17D3657CF5BE}"
EndProject
Project("{FAE04EC0-301F-11D3-BF4B-00C04F79EFBC}") = "ComponentLib.Core", "..\..\Components\ComponentLib\ComponentLib.Core\ComponentLib.Core.csproj", "{23E004DD-EEF4-4759-BF89-3AE0EC1DB6D8}"
EndProject
Global
	GlobalSection(SolutionConfigurationPlatforms) = preSolution
		Debug|Any CPU = Debug|Any CPU
		Debug|x64 = Debug|x64
		Debug|x86 = Debug|x86
		Release|Any CPU = Release|Any CPU
		Release|x64 = Release|x64
		Release|x86 = Release|x86
	EndGlobalSection
	GlobalSection(ProjectConfigurationPlatforms) = postSolution
		{61D250F0-7FEE-43A4-8EA6-8ED61DB52F05}.Debug|Any CPU.ActiveCfg = Debug|Any CPU
		{61D250F0-7FEE-43A4-8EA6-8ED61DB52F05}.Debug|Any CPU.Build.0 = Debug|Any CPU
		{61D250F0-7FEE-43A4-8EA6-8ED61DB52F05}.Debug|x64.ActiveCfg = Debug|Any CPU
		{61D250F0-7FEE-43A4-8EA6-8ED61DB52F05}.Debug|x64.Build.0 = Debug|Any CPU
		{61D250F0-7FEE-43A4-8EA6-8ED61DB52F05}.Debug|x86.ActiveCfg = Debug|Any CPU
		{61D250F0-7FEE-43A4-8EA6-8ED61DB52F05}.Debug|x86.Build.0 = Debug|Any CPU
		{61D250F0-7FEE-43A4-8EA6-8ED61DB52F05}.Release|Any CPU.ActiveCfg = Release|Any CPU
		{61D250F0-7FEE-43A4-8EA6-8ED61DB52F05}.Release|Any CPU.Build.0 = Release|Any CPU
		{61D250F0-7FEE-43A4-8EA6-8ED61DB52F05}.Release|x64.ActiveCfg = Release|Any CPU
		{61D250F0-7FEE-43A4-8EA6-8ED61DB52F05}.Release|x64.Build.0 = Release|Any CPU
		{61D250F0-7FEE-43A4-8EA6-8ED61DB52F05}.Release|x86.ActiveCfg = Release|Any CPU
		{61D250F0-7FEE-43A4-8EA6-8ED61DB52F05}.Release|x86.Build.0 = Release|Any CPU
		{1E32C07F-A997-4ECA-B35C-391DBEC36211}.Debug|Any CPU.ActiveCfg = Debug|Any CPU
		{1E32C07F-A997-4ECA-B35C-391DBEC36211}.Debug|Any CPU.Build.0 = Debug|Any CPU
		{1E32C07F-A997-4ECA-B35C-391DBEC36211}.Debug|x64.ActiveCfg = Debug|Any CPU
		{1E32C07F-A997-4ECA-B35C-391DBEC36211}.Debug|x64.Build.0 = Debug|Any CPU
		{1E32C07F-A997-4ECA-B35C-391DBEC36211}.Debug|x86.ActiveCfg = Debug|Any CPU
		{1E32C07F-A997-4ECA-B35C-391DBEC36211}.Debug|x86.Build.0 = Debug|Any CPU
		{1E32C07F-A997-4ECA-B35C-391DBEC36211}.Release|Any CPU.ActiveCfg = Release|Any CPU
		{1E32C07F-A997-4ECA-B35C-391DBEC36211}.Release|Any CPU.Build.0 = Release|Any CPU
		{1E32C07F-A997-4ECA-B35C-391DBEC36211}.Release|x64.ActiveCfg = Release|Any CPU
		{1E32C07F-A997-4ECA-B35C-391DBEC36211}.Release|x64.Build.0 = Release|Any CPU
		{1E32C07F-A997-4ECA-B35C-391DBEC36211}.Release|x86.ActiveCfg = Release|Any CPU
		{1E32C07F-A997-4ECA-B35C-391DBEC36211}.Release|x86.Build.0 = Release|Any CPU
		{B45ADB28-2EB3-4CFA-B240-82D8F58BEB22}.Debug|Any CPU.ActiveCfg = Debug|Any CPU
		{B45ADB28-2EB3-4CFA-B240-82D8F58BEB22}.Debug|Any CPU.Build.0 = Debug|Any CPU
		{B45ADB28-2EB3-4CFA-B240-82D8F58BEB22}.Debug|x64.ActiveCfg = Debug|x64
		{B45ADB28-2EB3-4CFA-B240-82D8F58BEB22}.Debug|x64.Build.0 = Debug|x64
		{B45ADB28-2EB3-4CFA-B240-82D8F58BEB22}.Debug|x86.ActiveCfg = Debug|x86
		{B45ADB28-2EB3-4CFA-B240-82D8F58BEB22}.Debug|x86.Build.0 = Debug|x86
		{B45ADB28-2EB3-4CFA-B240-82D8F58BEB22}.Release|Any CPU.ActiveCfg = Release|Any CPU
		{B45ADB28-2EB3-4CFA-B240-82D8F58BEB22}.Release|Any CPU.Build.0 = Release|Any CPU
		{B45ADB28-2EB3-4CFA-B240-82D8F58BEB22}.Release|x64.ActiveCfg = Release|x64
		{B45ADB28-2EB3-4CFA-B240-82D8F58BEB22}.Release|x64.Build.0 = Release|x64
		{B45ADB28-2EB3-4CFA-B240-82D8F58BEB22}.Release|x86.ActiveCfg = Release|x86
		{B45ADB28-2EB3-4CFA-B240-82D8F58BEB22}.Release|x86.Build.0 = Release|x86
		{23E004DD-EEF4-4759-BF89-3AE0EC1DB6D8}.Debug|Any CPU.ActiveCfg = Debug|Any CPU
		{23E004DD-EEF4-4759-BF89-3AE0EC1DB6D8}.Debug|Any CPU.Build.0 = Debug|Any CPU
		{23E004DD-EEF4-4759-BF89-3AE0EC1DB6D8}.Debug|x64.ActiveCfg = Debug|x64
		{23E004DD-EEF4-4759-BF89-3AE0EC1DB6D8}.Debug|x64.Build.0 = Debug|x64
		{23E004DD-EEF4-4759-BF89-3AE0EC1DB6D8}.Debug|x86.ActiveCfg = Debug|x86
		{23E004DD-EEF4-4759-BF89-3AE0EC1DB6D8}.Debug|x86.Build.0 = Debug|x86
		{23E004DD-EEF4-4759-BF89-3AE0EC1DB6D8}.Release|Any CPU.ActiveCfg = Release|Any CPU
		{23E004DD-EEF4-4759-BF89-3AE0EC1DB6D8}.Release|Any CPU.Build.0 = Release|Any CPU
		{23E004DD-EEF4-4759-BF89-3AE0EC1DB6D8}.Release|x64.ActiveCfg = Release|x64
		{23E004DD-EEF4-4759-BF89-3AE0EC1DB6D8}.Release|x64.Build.0 = Release|x64
		{23E004DD-EEF4-4759-BF89-3AE0EC1DB6D8}.Release|x86.ActiveCfg = Release|x86
		{23E004DD-EEF4-4759-BF89-3AE0EC1DB6D8}.Release|x86.Build.0 = Release|x86
	EndGlobalSection
	GlobalSection(SolutionProperties) = preSolution
		HideSolutionNode = FALSE
	EndGlobalSection
	GlobalSection(NestedProjects) = preSolution
		{B45ADB28-2EB3-4CFA-B240-82D8F58BEB22} = {6C57E86B-01D4-4078-8B63-17D3657CF5BE}
		{23E004DD-EEF4-4759-BF89-3AE0EC1DB6D8} = {6C57E86B-01D4-4078-8B63-17D3657CF5BE}
	EndGlobalSection
EndGlobal
